
Microsoft Visual Studio Solution File, Format Version 12.00
# Visual Studio Version 16
VisualStudioVersion = 16.0.29728.190
MinimumVisualStudioVersion = 10.0.40219.1
Project("{2150E333-8FDC-42A3-9474-1A3956D46DE8}") = "src", "src", "{88C63AE0-2239-484F-BBBB-F89D48FB8CCC}"
EndProject
Project("{2150E333-8FDC-42A3-9474-1A3956D46DE8}") = "tests", "tests", "{CA961926-25CE-4FD0-9BF2-7AA0FF15380C}"
EndProject
Project("{E53339B2-1760-4266-BCC7-CA923CBCF16C}") = "docker-compose", "docker-compose.dcproj", "{0BDB04E0-0B9E-4C45-AA5B-8E157291CF7A}"
EndProject
Project("{2150E333-8FDC-42A3-9474-1A3956D46DE8}") = "Solution Items", "Solution Items", "{AE020953-535C-4D4A-90AD-A17D988632A8}"
	ProjectSection(SolutionItems) = preProject
		.env = .env
		NuGet.config = NuGet.config
		vostok-root-sha256.crt = vostok-root-sha256.crt
	EndProjectSection
EndProject
Project("{2150E333-8FDC-42A3-9474-1A3956D46DE8}") = "Microservices", "Microservices", "{9A49AAE6-5568-4B43-8F37-0B6B947F967F}"
EndProject
Project("{9A19103F-16F7-4668-BE54-9A1E7A4F7556}") = "Storefront.WebApi", "src\Storefront.WebApi\Storefront.WebApi.csproj", "{C1C483FC-6F3D-4975-AD0A-1F387A73DB28}"
EndProject
Project("{2150E333-8FDC-42A3-9474-1A3956D46DE8}") = "Gateway", "Gateway", "{21F8E277-F2CE-400C-B418-C8D2D3EC4395}"
EndProject
Project("{2150E333-8FDC-42A3-9474-1A3956D46DE8}") = "Client", "Client", "{EC2D6B1B-7CED-41F8-9512-AF1DA8B12BCD}"
EndProject
Project("{9A19103F-16F7-4668-BE54-9A1E7A4F7556}") = "Gateway.Client.WebApi", "src\Gateway.Client.WebApi\Gateway.Client.WebApi.csproj", "{25008BE0-33BE-4366-B2D2-302163F87D24}"
EndProject
Project("{9A19103F-16F7-4668-BE54-9A1E7A4F7556}") = "Counterpart", "src\Gateway\Client\Counterpart\Counterpart\Counterpart.csproj", "{7CA1C056-8BA9-4BEF-BC43-98A793F442C0}"
EndProject
Project("{2150E333-8FDC-42A3-9474-1A3956D46DE8}") = "Core", "Core", "{F34299EF-CF3B-4E85-A49B-13BF3D862ADF}"
EndProject
Project("{9A19103F-16F7-4668-BE54-9A1E7A4F7556}") = "Core.Common", "src\Core\Core.Common\Core.Common.csproj", "{28B82612-D8DA-4B47-A1B3-927129E12B4B}"
EndProject
Project("{9A19103F-16F7-4668-BE54-9A1E7A4F7556}") = "Cards", "src\Gateway\Client\Cards\Cards.csproj", "{3C0EE28E-9162-4B70-8886-331635D8D73A}"
EndProject
Project("{9A19103F-16F7-4668-BE54-9A1E7A4F7556}") = "Agreements", "src\Gateway\Client\Agreements\Agreements.csproj", "{9CC112AE-9BD8-4642-A9B9-877980637412}"
EndProject
Project("{9A19103F-16F7-4668-BE54-9A1E7A4F7556}") = "Accounts", "src\Gateway\Client\Accounts\Accounts.csproj", "{F99AA4EB-F830-4BF9-8331-2A581F1D23E2}"
EndProject
Project("{2150E333-8FDC-42A3-9474-1A3956D46DE8}") = "Storefront", "Storefront", "{F423DABB-496C-4D78-AA7F-CB8B39ED1F2A}"
EndProject
Project("{9A19103F-16F7-4668-BE54-9A1E7A4F7556}") = "Storefront", "src\Storefront\Storefront.csproj", "{DE0A1D8E-F065-4583-B910-4DA35FBEE138}"
EndProject
Project("{9A19103F-16F7-4668-BE54-9A1E7A4F7556}") = "Authorization", "src\Authorization\Authorization\Authorization.csproj", "{CCBDB424-C2D0-4A3C-B81F-D76073053C30}"
EndProject
Project("{2150E333-8FDC-42A3-9474-1A3956D46DE8}") = "Api", "Api", "{D07C9084-FDC0-47E4-BABA-89D47CEB02B0}"
EndProject
Project("{9A19103F-16F7-4668-BE54-9A1E7A4F7556}") = "Api.References", "src\Api\Api.References\Api.References.csproj", "{F510A1AF-44F0-49AC-AB23-82C26E4CE346}"
EndProject
Project("{9A19103F-16F7-4668-BE54-9A1E7A4F7556}") = "Api.Base", "src\Api\Api.Base\Api.Base.csproj", "{AD85C2F7-3F5D-4CBD-99DC-76581D922710}"
EndProject
Project("{9A19103F-16F7-4668-BE54-9A1E7A4F7556}") = "Api.Retail", "src\Api\Api.Retail\Api.Retail.csproj", "{BB522190-9B80-4781-BCE7-60E259518B57}"
EndProject
Project("{9A19103F-16F7-4668-BE54-9A1E7A4F7556}") = "Api.CRM", "src\Api\Api.CRM\Api.CRM.csproj", "{66656C60-98E8-4F32-A7DF-062AE79AE3D7}"
EndProject
Project("{9A19103F-16F7-4668-BE54-9A1E7A4F7556}") = "Transactions", "src\Gateway\Client\Transactions\Transactions.csproj", "{E7008B54-3034-4CE3-98F3-7AAF91C86063}"
EndProject
Project("{2150E333-8FDC-42A3-9474-1A3956D46DE8}") = "Vicidial", "Vicidial", "{F3EFA1B7-EBF4-4C01-8885-CE3291A42EFF}"
EndProject
Project("{9A19103F-16F7-4668-BE54-9A1E7A4F7556}") = "Gateway.Vicidial", "src\Gateway.Vicidial\Gateway.Vicidial.csproj", "{86B666AC-6C77-44B8-8DDA-660B6825A90D}"
EndProject
Project("{9A19103F-16F7-4668-BE54-9A1E7A4F7556}") = "Gateway.Vicidial.WebApi", "src\Gateway.Vicidial.WebApi\Gateway.Vicidial.WebApi.csproj", "{0FBCD8BC-506F-4412-AEFF-271B73386C05}"
EndProject
Project("{9A19103F-16F7-4668-BE54-9A1E7A4F7556}") = "Api.Services", "src\Api\Api.Services\Api.Services.csproj", "{793D5668-F375-47A3-A15F-DE82B0CB6464}"
EndProject
Project("{9A19103F-16F7-4668-BE54-9A1E7A4F7556}") = "Core.Common.Swagger.Authorize.Razore", "src\Core\Core.Common.Swagger.Authorize.Razore\Core.Common.Swagger.Authorize.Razore.csproj", "{C1AAC79E-B868-421C-BD3C-279090C92FE8}"
EndProject
Project("{9A19103F-16F7-4668-BE54-9A1E7A4F7556}") = "Core.Documents", "src\Core\Core.Documents\Core.Documents.csproj", "{B5591C3E-D28B-40CB-AB08-ED5CA1357B46}"
EndProject
Project("{2150E333-8FDC-42A3-9474-1A3956D46DE8}") = "Documents", "Documents", "{97F3A3B0-F872-40B0-9160-C01766B94910}"
EndProject
Project("{9A19103F-16F7-4668-BE54-9A1E7A4F7556}") = "Document.Templates", "src\Documents\Vostok.Hotline.Document.Templates\Document.Templates.csproj", "{116F891B-DE49-4FAC-A80F-5D4C45E97F15}"
EndProject
Project("{2150E333-8FDC-42A3-9474-1A3956D46DE8}") = "Data", "Data", "{6E8B1518-2CC6-4EEA-A5EC-AE536C8E98B7}"
EndProject
Project("{9A19103F-16F7-4668-BE54-9A1E7A4F7556}") = "Data.EF", "src\Data\Data.EF\Data.EF.csproj", "{A33697F8-1C13-4050-AD86-8CB3ADC27CA8}"
EndProject
Project("{9A19103F-16F7-4668-BE54-9A1E7A4F7556}") = "Core.Data", "src\Core\Core.Data\Core.Data.csproj", "{16E6C8A3-FAA8-415F-B175-7297D1572A20}"
EndProject
Project("{9A19103F-16F7-4668-BE54-9A1E7A4F7556}") = "Data.Repository", "src\Data\Data.Repository\Data.Repository.csproj", "{35B3B7EF-C15B-4B4E-A4B9-0CB80079F475}"
EndProject
Project("{9A19103F-16F7-4668-BE54-9A1E7A4F7556}") = "Data.Repository.Core", "src\Data\Data.Repository.Core\Data.Repository.Core.csproj", "{DCEA221C-E16F-437F-A51C-E3E5E220A364}"
EndProject
Project("{9A19103F-16F7-4668-BE54-9A1E7A4F7556}") = "Api.Bvr", "src\Api\Api.Bvr\Api.Bvr.csproj", "{BF31F815-D4C1-4BE5-9C16-74392897C29B}"
EndProject
Project("{9A19103F-16F7-4668-BE54-9A1E7A4F7556}") = "Data.Repository.Solar", "src\Data\Data.Repository.Solar\Data.Repository.Solar.csproj", "{757155E8-A34F-4133-8352-BCF1F5AF0423}"
EndProject
Project("{9A19103F-16F7-4668-BE54-9A1E7A4F7556}") = "Classifiers", "src\Gateway\Client\Classifiers\Classifiers.csproj", "{91FCE214-230B-48EB-8BFE-621589D87C76}"
EndProject
Project("{9A19103F-16F7-4668-BE54-9A1E7A4F7556}") = "Authorization.ViewModels", "src\Authorization\Authorization.ViewModels\Authorization.ViewModels.csproj", "{767BE4DF-A648-4792-87D7-D96884B2E2C3}"
EndProject
Project("{2150E333-8FDC-42A3-9474-1A3956D46DE8}") = "Tools", "Tools", "{82D3789F-89EF-4563-ADD9-5E2498B7CD48}"
EndProject
Project("{9A19103F-16F7-4668-BE54-9A1E7A4F7556}") = "Tools.Console.Sync.Transaction", "src\Tools\Tools.Console.Sync.Transaction\Tools.Console.Sync.Transaction.csproj", "{E7E13E4D-C8C7-43EE-B0FE-5CD432C05632}"
EndProject
Project("{9A19103F-16F7-4668-BE54-9A1E7A4F7556}") = "Data.Repository.References", "src\Data\Data.Repository.References\Data.Repository.References.csproj", "{E1A4A23A-153B-4C96-999D-B0561FD07D0A}"
EndProject
Project("{9A19103F-16F7-4668-BE54-9A1E7A4F7556}") = "Travels", "src\Gateway\Client\Travels\Travels.csproj", "{5805E8AE-9623-4533-AFB1-BF26D8593DC8}"
EndProject
Project("{9A19103F-16F7-4668-BE54-9A1E7A4F7556}") = "Countries", "src\Gateway\Client\Countries\Countries.csproj", "{710ACEDC-3E73-4E2D-BF14-461F78BE18B0}"
EndProject
Project("{9A19103F-16F7-4668-BE54-9A1E7A4F7556}") = "Statements", "src\Gateway\Client\Statements\Statements.csproj", "{4510CE45-56EA-4E77-80C2-51CB959FB830}"
EndProject
Global
	GlobalSection(SolutionConfigurationPlatforms) = preSolution
		Debug|Any CPU = Debug|Any CPU
		Release|Any CPU = Release|Any CPU
	EndGlobalSection
	GlobalSection(ProjectConfigurationPlatforms) = postSolution
		{0BDB04E0-0B9E-4C45-AA5B-8E157291CF7A}.Debug|Any CPU.ActiveCfg = Debug|Any CPU
		{0BDB04E0-0B9E-4C45-AA5B-8E157291CF7A}.Debug|Any CPU.Build.0 = Debug|Any CPU
		{0BDB04E0-0B9E-4C45-AA5B-8E157291CF7A}.Release|Any CPU.ActiveCfg = Release|Any CPU
		{0BDB04E0-0B9E-4C45-AA5B-8E157291CF7A}.Release|Any CPU.Build.0 = Release|Any CPU
		{C1C483FC-6F3D-4975-AD0A-1F387A73DB28}.Debug|Any CPU.ActiveCfg = Debug|Any CPU
		{C1C483FC-6F3D-4975-AD0A-1F387A73DB28}.Debug|Any CPU.Build.0 = Debug|Any CPU
		{C1C483FC-6F3D-4975-AD0A-1F387A73DB28}.Release|Any CPU.ActiveCfg = Release|Any CPU
		{C1C483FC-6F3D-4975-AD0A-1F387A73DB28}.Release|Any CPU.Build.0 = Release|Any CPU
		{25008BE0-33BE-4366-B2D2-302163F87D24}.Debug|Any CPU.ActiveCfg = Debug|Any CPU
		{25008BE0-33BE-4366-B2D2-302163F87D24}.Debug|Any CPU.Build.0 = Debug|Any CPU
		{25008BE0-33BE-4366-B2D2-302163F87D24}.Release|Any CPU.ActiveCfg = Release|Any CPU
		{25008BE0-33BE-4366-B2D2-302163F87D24}.Release|Any CPU.Build.0 = Release|Any CPU
		{7CA1C056-8BA9-4BEF-BC43-98A793F442C0}.Debug|Any CPU.ActiveCfg = Debug|Any CPU
		{7CA1C056-8BA9-4BEF-BC43-98A793F442C0}.Debug|Any CPU.Build.0 = Debug|Any CPU
		{7CA1C056-8BA9-4BEF-BC43-98A793F442C0}.Release|Any CPU.ActiveCfg = Release|Any CPU
		{7CA1C056-8BA9-4BEF-BC43-98A793F442C0}.Release|Any CPU.Build.0 = Release|Any CPU
		{28B82612-D8DA-4B47-A1B3-927129E12B4B}.Debug|Any CPU.ActiveCfg = Debug|Any CPU
		{28B82612-D8DA-4B47-A1B3-927129E12B4B}.Debug|Any CPU.Build.0 = Debug|Any CPU
		{28B82612-D8DA-4B47-A1B3-927129E12B4B}.Release|Any CPU.ActiveCfg = Release|Any CPU
		{28B82612-D8DA-4B47-A1B3-927129E12B4B}.Release|Any CPU.Build.0 = Release|Any CPU
		{3C0EE28E-9162-4B70-8886-331635D8D73A}.Debug|Any CPU.ActiveCfg = Debug|Any CPU
		{3C0EE28E-9162-4B70-8886-331635D8D73A}.Debug|Any CPU.Build.0 = Debug|Any CPU
		{3C0EE28E-9162-4B70-8886-331635D8D73A}.Release|Any CPU.ActiveCfg = Release|Any CPU
		{3C0EE28E-9162-4B70-8886-331635D8D73A}.Release|Any CPU.Build.0 = Release|Any CPU
		{9CC112AE-9BD8-4642-A9B9-877980637412}.Debug|Any CPU.ActiveCfg = Debug|Any CPU
		{9CC112AE-9BD8-4642-A9B9-877980637412}.Debug|Any CPU.Build.0 = Debug|Any CPU
		{9CC112AE-9BD8-4642-A9B9-877980637412}.Release|Any CPU.ActiveCfg = Release|Any CPU
		{9CC112AE-9BD8-4642-A9B9-877980637412}.Release|Any CPU.Build.0 = Release|Any CPU
		{F99AA4EB-F830-4BF9-8331-2A581F1D23E2}.Debug|Any CPU.ActiveCfg = Debug|Any CPU
		{F99AA4EB-F830-4BF9-8331-2A581F1D23E2}.Debug|Any CPU.Build.0 = Debug|Any CPU
		{F99AA4EB-F830-4BF9-8331-2A581F1D23E2}.Release|Any CPU.ActiveCfg = Release|Any CPU
		{F99AA4EB-F830-4BF9-8331-2A581F1D23E2}.Release|Any CPU.Build.0 = Release|Any CPU
		{DE0A1D8E-F065-4583-B910-4DA35FBEE138}.Debug|Any CPU.ActiveCfg = Debug|Any CPU
		{DE0A1D8E-F065-4583-B910-4DA35FBEE138}.Debug|Any CPU.Build.0 = Debug|Any CPU
		{DE0A1D8E-F065-4583-B910-4DA35FBEE138}.Release|Any CPU.ActiveCfg = Release|Any CPU
		{DE0A1D8E-F065-4583-B910-4DA35FBEE138}.Release|Any CPU.Build.0 = Release|Any CPU
		{CCBDB424-C2D0-4A3C-B81F-D76073053C30}.Debug|Any CPU.ActiveCfg = Debug|Any CPU
		{CCBDB424-C2D0-4A3C-B81F-D76073053C30}.Debug|Any CPU.Build.0 = Debug|Any CPU
		{CCBDB424-C2D0-4A3C-B81F-D76073053C30}.Release|Any CPU.ActiveCfg = Release|Any CPU
		{CCBDB424-C2D0-4A3C-B81F-D76073053C30}.Release|Any CPU.Build.0 = Release|Any CPU
		{F510A1AF-44F0-49AC-AB23-82C26E4CE346}.Debug|Any CPU.ActiveCfg = Debug|Any CPU
		{F510A1AF-44F0-49AC-AB23-82C26E4CE346}.Debug|Any CPU.Build.0 = Debug|Any CPU
		{F510A1AF-44F0-49AC-AB23-82C26E4CE346}.Release|Any CPU.ActiveCfg = Release|Any CPU
		{F510A1AF-44F0-49AC-AB23-82C26E4CE346}.Release|Any CPU.Build.0 = Release|Any CPU
		{AD85C2F7-3F5D-4CBD-99DC-76581D922710}.Debug|Any CPU.ActiveCfg = Debug|Any CPU
		{AD85C2F7-3F5D-4CBD-99DC-76581D922710}.Debug|Any CPU.Build.0 = Debug|Any CPU
		{AD85C2F7-3F5D-4CBD-99DC-76581D922710}.Release|Any CPU.ActiveCfg = Release|Any CPU
		{AD85C2F7-3F5D-4CBD-99DC-76581D922710}.Release|Any CPU.Build.0 = Release|Any CPU
		{BB522190-9B80-4781-BCE7-60E259518B57}.Debug|Any CPU.ActiveCfg = Debug|Any CPU
		{BB522190-9B80-4781-BCE7-60E259518B57}.Debug|Any CPU.Build.0 = Debug|Any CPU
		{BB522190-9B80-4781-BCE7-60E259518B57}.Release|Any CPU.ActiveCfg = Release|Any CPU
		{BB522190-9B80-4781-BCE7-60E259518B57}.Release|Any CPU.Build.0 = Release|Any CPU
		{66656C60-98E8-4F32-A7DF-062AE79AE3D7}.Debug|Any CPU.ActiveCfg = Debug|Any CPU
		{66656C60-98E8-4F32-A7DF-062AE79AE3D7}.Debug|Any CPU.Build.0 = Debug|Any CPU
		{66656C60-98E8-4F32-A7DF-062AE79AE3D7}.Release|Any CPU.ActiveCfg = Release|Any CPU
		{66656C60-98E8-4F32-A7DF-062AE79AE3D7}.Release|Any CPU.Build.0 = Release|Any CPU
		{E7008B54-3034-4CE3-98F3-7AAF91C86063}.Debug|Any CPU.ActiveCfg = Debug|Any CPU
		{E7008B54-3034-4CE3-98F3-7AAF91C86063}.Debug|Any CPU.Build.0 = Debug|Any CPU
		{E7008B54-3034-4CE3-98F3-7AAF91C86063}.Release|Any CPU.ActiveCfg = Release|Any CPU
		{E7008B54-3034-4CE3-98F3-7AAF91C86063}.Release|Any CPU.Build.0 = Release|Any CPU
		{86B666AC-6C77-44B8-8DDA-660B6825A90D}.Debug|Any CPU.ActiveCfg = Debug|Any CPU
		{86B666AC-6C77-44B8-8DDA-660B6825A90D}.Debug|Any CPU.Build.0 = Debug|Any CPU
		{86B666AC-6C77-44B8-8DDA-660B6825A90D}.Release|Any CPU.ActiveCfg = Release|Any CPU
		{86B666AC-6C77-44B8-8DDA-660B6825A90D}.Release|Any CPU.Build.0 = Release|Any CPU
		{0FBCD8BC-506F-4412-AEFF-271B73386C05}.Debug|Any CPU.ActiveCfg = Debug|Any CPU
		{0FBCD8BC-506F-4412-AEFF-271B73386C05}.Debug|Any CPU.Build.0 = Debug|Any CPU
		{0FBCD8BC-506F-4412-AEFF-271B73386C05}.Release|Any CPU.ActiveCfg = Release|Any CPU
		{0FBCD8BC-506F-4412-AEFF-271B73386C05}.Release|Any CPU.Build.0 = Release|Any CPU
		{793D5668-F375-47A3-A15F-DE82B0CB6464}.Debug|Any CPU.ActiveCfg = Debug|Any CPU
		{793D5668-F375-47A3-A15F-DE82B0CB6464}.Debug|Any CPU.Build.0 = Debug|Any CPU
		{793D5668-F375-47A3-A15F-DE82B0CB6464}.Release|Any CPU.ActiveCfg = Release|Any CPU
		{793D5668-F375-47A3-A15F-DE82B0CB6464}.Release|Any CPU.Build.0 = Release|Any CPU
		{C1AAC79E-B868-421C-BD3C-279090C92FE8}.Debug|Any CPU.ActiveCfg = Debug|Any CPU
		{C1AAC79E-B868-421C-BD3C-279090C92FE8}.Debug|Any CPU.Build.0 = Debug|Any CPU
		{C1AAC79E-B868-421C-BD3C-279090C92FE8}.Release|Any CPU.ActiveCfg = Release|Any CPU
		{C1AAC79E-B868-421C-BD3C-279090C92FE8}.Release|Any CPU.Build.0 = Release|Any CPU
		{B5591C3E-D28B-40CB-AB08-ED5CA1357B46}.Debug|Any CPU.ActiveCfg = Debug|Any CPU
		{B5591C3E-D28B-40CB-AB08-ED5CA1357B46}.Debug|Any CPU.Build.0 = Debug|Any CPU
		{B5591C3E-D28B-40CB-AB08-ED5CA1357B46}.Release|Any CPU.ActiveCfg = Release|Any CPU
		{B5591C3E-D28B-40CB-AB08-ED5CA1357B46}.Release|Any CPU.Build.0 = Release|Any CPU
		{116F891B-DE49-4FAC-A80F-5D4C45E97F15}.Debug|Any CPU.ActiveCfg = Debug|Any CPU
		{116F891B-DE49-4FAC-A80F-5D4C45E97F15}.Debug|Any CPU.Build.0 = Debug|Any CPU
		{116F891B-DE49-4FAC-A80F-5D4C45E97F15}.Release|Any CPU.ActiveCfg = Release|Any CPU
		{116F891B-DE49-4FAC-A80F-5D4C45E97F15}.Release|Any CPU.Build.0 = Release|Any CPU
		{A33697F8-1C13-4050-AD86-8CB3ADC27CA8}.Debug|Any CPU.ActiveCfg = Debug|Any CPU
		{A33697F8-1C13-4050-AD86-8CB3ADC27CA8}.Debug|Any CPU.Build.0 = Debug|Any CPU
		{A33697F8-1C13-4050-AD86-8CB3ADC27CA8}.Release|Any CPU.ActiveCfg = Release|Any CPU
		{A33697F8-1C13-4050-AD86-8CB3ADC27CA8}.Release|Any CPU.Build.0 = Release|Any CPU
		{16E6C8A3-FAA8-415F-B175-7297D1572A20}.Debug|Any CPU.ActiveCfg = Debug|Any CPU
		{16E6C8A3-FAA8-415F-B175-7297D1572A20}.Debug|Any CPU.Build.0 = Debug|Any CPU
		{16E6C8A3-FAA8-415F-B175-7297D1572A20}.Release|Any CPU.ActiveCfg = Release|Any CPU
		{16E6C8A3-FAA8-415F-B175-7297D1572A20}.Release|Any CPU.Build.0 = Release|Any CPU
		{35B3B7EF-C15B-4B4E-A4B9-0CB80079F475}.Debug|Any CPU.ActiveCfg = Debug|Any CPU
		{35B3B7EF-C15B-4B4E-A4B9-0CB80079F475}.Debug|Any CPU.Build.0 = Debug|Any CPU
		{35B3B7EF-C15B-4B4E-A4B9-0CB80079F475}.Release|Any CPU.ActiveCfg = Release|Any CPU
		{35B3B7EF-C15B-4B4E-A4B9-0CB80079F475}.Release|Any CPU.Build.0 = Release|Any CPU
		{DCEA221C-E16F-437F-A51C-E3E5E220A364}.Debug|Any CPU.ActiveCfg = Debug|Any CPU
		{DCEA221C-E16F-437F-A51C-E3E5E220A364}.Debug|Any CPU.Build.0 = Debug|Any CPU
		{DCEA221C-E16F-437F-A51C-E3E5E220A364}.Release|Any CPU.ActiveCfg = Release|Any CPU
		{DCEA221C-E16F-437F-A51C-E3E5E220A364}.Release|Any CPU.Build.0 = Release|Any CPU
		{BF31F815-D4C1-4BE5-9C16-74392897C29B}.Debug|Any CPU.ActiveCfg = Debug|Any CPU
		{BF31F815-D4C1-4BE5-9C16-74392897C29B}.Debug|Any CPU.Build.0 = Debug|Any CPU
		{BF31F815-D4C1-4BE5-9C16-74392897C29B}.Release|Any CPU.ActiveCfg = Release|Any CPU
		{BF31F815-D4C1-4BE5-9C16-74392897C29B}.Release|Any CPU.Build.0 = Release|Any CPU
		{757155E8-A34F-4133-8352-BCF1F5AF0423}.Debug|Any CPU.ActiveCfg = Debug|Any CPU
		{757155E8-A34F-4133-8352-BCF1F5AF0423}.Debug|Any CPU.Build.0 = Debug|Any CPU
		{757155E8-A34F-4133-8352-BCF1F5AF0423}.Release|Any CPU.ActiveCfg = Release|Any CPU
		{757155E8-A34F-4133-8352-BCF1F5AF0423}.Release|Any CPU.Build.0 = Release|Any CPU
		{91FCE214-230B-48EB-8BFE-621589D87C76}.Debug|Any CPU.ActiveCfg = Debug|Any CPU
		{91FCE214-230B-48EB-8BFE-621589D87C76}.Debug|Any CPU.Build.0 = Debug|Any CPU
		{91FCE214-230B-48EB-8BFE-621589D87C76}.Release|Any CPU.ActiveCfg = Release|Any CPU
		{91FCE214-230B-48EB-8BFE-621589D87C76}.Release|Any CPU.Build.0 = Release|Any CPU
		{767BE4DF-A648-4792-87D7-D96884B2E2C3}.Debug|Any CPU.ActiveCfg = Debug|Any CPU
		{767BE4DF-A648-4792-87D7-D96884B2E2C3}.Debug|Any CPU.Build.0 = Debug|Any CPU
		{767BE4DF-A648-4792-87D7-D96884B2E2C3}.Release|Any CPU.ActiveCfg = Release|Any CPU
		{767BE4DF-A648-4792-87D7-D96884B2E2C3}.Release|Any CPU.Build.0 = Release|Any CPU
		{E7E13E4D-C8C7-43EE-B0FE-5CD432C05632}.Debug|Any CPU.ActiveCfg = Debug|Any CPU
		{E7E13E4D-C8C7-43EE-B0FE-5CD432C05632}.Debug|Any CPU.Build.0 = Debug|Any CPU
		{E7E13E4D-C8C7-43EE-B0FE-5CD432C05632}.Release|Any CPU.ActiveCfg = Release|Any CPU
		{E7E13E4D-C8C7-43EE-B0FE-5CD432C05632}.Release|Any CPU.Build.0 = Release|Any CPU
		{E1A4A23A-153B-4C96-999D-B0561FD07D0A}.Debug|Any CPU.ActiveCfg = Debug|Any CPU
		{E1A4A23A-153B-4C96-999D-B0561FD07D0A}.Debug|Any CPU.Build.0 = Debug|Any CPU
		{E1A4A23A-153B-4C96-999D-B0561FD07D0A}.Release|Any CPU.ActiveCfg = Release|Any CPU
		{E1A4A23A-153B-4C96-999D-B0561FD07D0A}.Release|Any CPU.Build.0 = Release|Any CPU
		{5805E8AE-9623-4533-AFB1-BF26D8593DC8}.Debug|Any CPU.ActiveCfg = Debug|Any CPU
		{5805E8AE-9623-4533-AFB1-BF26D8593DC8}.Debug|Any CPU.Build.0 = Debug|Any CPU
		{5805E8AE-9623-4533-AFB1-BF26D8593DC8}.Release|Any CPU.ActiveCfg = Release|Any CPU
		{5805E8AE-9623-4533-AFB1-BF26D8593DC8}.Release|Any CPU.Build.0 = Release|Any CPU
		{710ACEDC-3E73-4E2D-BF14-461F78BE18B0}.Debug|Any CPU.ActiveCfg = Debug|Any CPU
		{710ACEDC-3E73-4E2D-BF14-461F78BE18B0}.Debug|Any CPU.Build.0 = Debug|Any CPU
		{710ACEDC-3E73-4E2D-BF14-461F78BE18B0}.Release|Any CPU.ActiveCfg = Release|Any CPU
		{710ACEDC-3E73-4E2D-BF14-461F78BE18B0}.Release|Any CPU.Build.0 = Release|Any CPU
		{4510CE45-56EA-4E77-80C2-51CB959FB830}.Debug|Any CPU.ActiveCfg = Debug|Any CPU
		{4510CE45-56EA-4E77-80C2-51CB959FB830}.Debug|Any CPU.Build.0 = Debug|Any CPU
		{4510CE45-56EA-4E77-80C2-51CB959FB830}.Release|Any CPU.ActiveCfg = Release|Any CPU
		{4510CE45-56EA-4E77-80C2-51CB959FB830}.Release|Any CPU.Build.0 = Release|Any CPU
	EndGlobalSection
	GlobalSection(SolutionProperties) = preSolution
		HideSolutionNode = FALSE
	EndGlobalSection
	GlobalSection(NestedProjects) = preSolution
		{9A49AAE6-5568-4B43-8F37-0B6B947F967F} = {88C63AE0-2239-484F-BBBB-F89D48FB8CCC}
		{C1C483FC-6F3D-4975-AD0A-1F387A73DB28} = {F423DABB-496C-4D78-AA7F-CB8B39ED1F2A}
		{21F8E277-F2CE-400C-B418-C8D2D3EC4395} = {9A49AAE6-5568-4B43-8F37-0B6B947F967F}
		{EC2D6B1B-7CED-41F8-9512-AF1DA8B12BCD} = {21F8E277-F2CE-400C-B418-C8D2D3EC4395}
		{25008BE0-33BE-4366-B2D2-302163F87D24} = {EC2D6B1B-7CED-41F8-9512-AF1DA8B12BCD}
		{7CA1C056-8BA9-4BEF-BC43-98A793F442C0} = {EC2D6B1B-7CED-41F8-9512-AF1DA8B12BCD}
		{F34299EF-CF3B-4E85-A49B-13BF3D862ADF} = {88C63AE0-2239-484F-BBBB-F89D48FB8CCC}
		{28B82612-D8DA-4B47-A1B3-927129E12B4B} = {F34299EF-CF3B-4E85-A49B-13BF3D862ADF}
		{3C0EE28E-9162-4B70-8886-331635D8D73A} = {EC2D6B1B-7CED-41F8-9512-AF1DA8B12BCD}
		{9CC112AE-9BD8-4642-A9B9-877980637412} = {EC2D6B1B-7CED-41F8-9512-AF1DA8B12BCD}
		{F99AA4EB-F830-4BF9-8331-2A581F1D23E2} = {EC2D6B1B-7CED-41F8-9512-AF1DA8B12BCD}
		{F423DABB-496C-4D78-AA7F-CB8B39ED1F2A} = {9A49AAE6-5568-4B43-8F37-0B6B947F967F}
		{DE0A1D8E-F065-4583-B910-4DA35FBEE138} = {F423DABB-496C-4D78-AA7F-CB8B39ED1F2A}
		{CCBDB424-C2D0-4A3C-B81F-D76073053C30} = {9A49AAE6-5568-4B43-8F37-0B6B947F967F}
		{D07C9084-FDC0-47E4-BABA-89D47CEB02B0} = {88C63AE0-2239-484F-BBBB-F89D48FB8CCC}
		{F510A1AF-44F0-49AC-AB23-82C26E4CE346} = {D07C9084-FDC0-47E4-BABA-89D47CEB02B0}
		{AD85C2F7-3F5D-4CBD-99DC-76581D922710} = {D07C9084-FDC0-47E4-BABA-89D47CEB02B0}
		{BB522190-9B80-4781-BCE7-60E259518B57} = {D07C9084-FDC0-47E4-BABA-89D47CEB02B0}
		{66656C60-98E8-4F32-A7DF-062AE79AE3D7} = {D07C9084-FDC0-47E4-BABA-89D47CEB02B0}
		{E7008B54-3034-4CE3-98F3-7AAF91C86063} = {EC2D6B1B-7CED-41F8-9512-AF1DA8B12BCD}
		{F3EFA1B7-EBF4-4C01-8885-CE3291A42EFF} = {9A49AAE6-5568-4B43-8F37-0B6B947F967F}
		{86B666AC-6C77-44B8-8DDA-660B6825A90D} = {F3EFA1B7-EBF4-4C01-8885-CE3291A42EFF}
		{0FBCD8BC-506F-4412-AEFF-271B73386C05} = {F3EFA1B7-EBF4-4C01-8885-CE3291A42EFF}
		{793D5668-F375-47A3-A15F-DE82B0CB6464} = {D07C9084-FDC0-47E4-BABA-89D47CEB02B0}
		{C1AAC79E-B868-421C-BD3C-279090C92FE8} = {F34299EF-CF3B-4E85-A49B-13BF3D862ADF}
		{B5591C3E-D28B-40CB-AB08-ED5CA1357B46} = {F34299EF-CF3B-4E85-A49B-13BF3D862ADF}
		{97F3A3B0-F872-40B0-9160-C01766B94910} = {88C63AE0-2239-484F-BBBB-F89D48FB8CCC}
		{116F891B-DE49-4FAC-A80F-5D4C45E97F15} = {97F3A3B0-F872-40B0-9160-C01766B94910}
		{6E8B1518-2CC6-4EEA-A5EC-AE536C8E98B7} = {88C63AE0-2239-484F-BBBB-F89D48FB8CCC}
		{A33697F8-1C13-4050-AD86-8CB3ADC27CA8} = {6E8B1518-2CC6-4EEA-A5EC-AE536C8E98B7}
		{16E6C8A3-FAA8-415F-B175-7297D1572A20} = {F34299EF-CF3B-4E85-A49B-13BF3D862ADF}
		{35B3B7EF-C15B-4B4E-A4B9-0CB80079F475} = {6E8B1518-2CC6-4EEA-A5EC-AE536C8E98B7}
		{DCEA221C-E16F-437F-A51C-E3E5E220A364} = {6E8B1518-2CC6-4EEA-A5EC-AE536C8E98B7}
		{BF31F815-D4C1-4BE5-9C16-74392897C29B} = {D07C9084-FDC0-47E4-BABA-89D47CEB02B0}
		{757155E8-A34F-4133-8352-BCF1F5AF0423} = {6E8B1518-2CC6-4EEA-A5EC-AE536C8E98B7}
		{91FCE214-230B-48EB-8BFE-621589D87C76} = {EC2D6B1B-7CED-41F8-9512-AF1DA8B12BCD}
		{767BE4DF-A648-4792-87D7-D96884B2E2C3} = {9A49AAE6-5568-4B43-8F37-0B6B947F967F}
		{82D3789F-89EF-4563-ADD9-5E2498B7CD48} = {88C63AE0-2239-484F-BBBB-F89D48FB8CCC}
		{E7E13E4D-C8C7-43EE-B0FE-5CD432C05632} = {82D3789F-89EF-4563-ADD9-5E2498B7CD48}
		{E1A4A23A-153B-4C96-999D-B0561FD07D0A} = {6E8B1518-2CC6-4EEA-A5EC-AE536C8E98B7}
		{5805E8AE-9623-4533-AFB1-BF26D8593DC8} = {EC2D6B1B-7CED-41F8-9512-AF1DA8B12BCD}
		{710ACEDC-3E73-4E2D-BF14-461F78BE18B0} = {EC2D6B1B-7CED-41F8-9512-AF1DA8B12BCD}
		{4510CE45-56EA-4E77-80C2-51CB959FB830} = {EC2D6B1B-7CED-41F8-9512-AF1DA8B12BCD}
	EndGlobalSection
	GlobalSection(ExtensibilityGlobals) = postSolution
		SolutionGuid = {7B3E0045-C845-4D7E-BFDA-C26CA114A2B8}
	EndGlobalSection
EndGlobal
